Microsoft Visual Studio Solution File, Format Version 12.00
# Visual Studio Version 17
VisualStudioVersion = 17.5.2.0
MinimumVisualStudioVersion = 10.0.40219.1
Project("{FAE04EC0-301F-11D3-BF4B-00C04F79EFBC}") = "2025", "2025.csproj", "{779DE821-1BDA-297A-F4F7-C70FC931ECDB}"
EndProject
Global
	GlobalSection(SolutionConfigurationPlatforms) = preSolution
		Debug|Any CPU = Debug|Any CPU
		Release|Any CPU = Release|Any CPU
	EndGlobalSection
	GlobalSection(ProjectConfigurationPlatforms) = postSolution
		{779DE821-1BDA-297A-F4F7-C70FC931ECDB}.Debug|Any CPU.ActiveCfg = Debug|Any CPU
		{779DE821-1BDA-297A-F4F7-C70FC931ECDB}.Debug|Any CPU.Build.0 = Debug|Any CPU
		{779DE821-1BDA-297A-F4F7-C70FC931ECDB}.Release|Any CPU.ActiveCfg = Release|Any CPU
		{779DE821-1BDA-297A-F4F7-C70FC931ECDB}.Release|Any CPU.Build.0 = Release|Any CPU
	EndGlobalSection
	GlobalSection(SolutionProperties) = preSolution
		HideSolutionNode = FALSE
	EndGlobalSection
	GlobalSection(ExtensibilityGlobals) = postSolution
		SolutionGuid = {3A546F3B-657B-42BF-9012-05DAB12EB588}
	EndGlobalSection
EndGlobal
